
Microsoft Visual Studio Solution File, Format Version 12.00
# Visual Studio Version 17
VisualStudioVersion = 17.11.35312.102
MinimumVisualStudioVersion = 10.0.40219.1
Project("{FAE04EC0-301F-11D3-BF4B-00C04F79EFBC}") = "SmartCafe_BlessingsCafe", "SmartCafe_BlessingsCafe\SmartCafe_BlessingsCafe.csproj", "{1B64706B-29E1-4698-8186-12D4C04943CE}"
EndProject
Global
	GlobalSection(SolutionConfigurationPlatforms) = preSolution
		Debug|Any CPU = Debug|Any CPU
		Release|Any CPU = Release|Any CPU
	EndGlobalSection
	GlobalSection(ProjectConfigurationPlatforms) = postSolution
		{1B64706B-29E1-4698-8186-12D4C04943CE}.Debug|Any CPU.ActiveCfg = Debug|Any CPU
		{1B64706B-29E1-4698-8186-12D4C04943CE}.Debug|Any CPU.Build.0 = Debug|Any CPU
		{1B64706B-29E1-4698-8186-12D4C04943CE}.Release|Any CPU.ActiveCfg = Release|Any CPU
		{1B64706B-29E1-4698-8186-12D4C04943CE}.Release|Any CPU.Build.0 = Release|Any CPU
	EndGlobalSection
	GlobalSection(SolutionProperties) = preSolution
		HideSolutionNode = FALSE
	EndGlobalSection
	GlobalSection(ExtensibilityGlobals) = postSolution
		SolutionGuid = {6E8CD099-E748-41DA-AA9D-52D707A2DCBF}
	EndGlobalSection
EndGlobal
